
Microsoft Visual Studio Solution File, Format Version 12.00
# Visual Studio Version 17
VisualStudioVersion = 17.9.34622.214
MinimumVisualStudioVersion = 10.0.40219.1
Project("{9A19103F-16F7-4668-BE54-9A1E7A4F7556}") = "ASP.NET Registration", "ASP.NET Registration\ASP.NET Registration.csproj", "{9F8B5E95-583E-418A-9255-8B9E87C46514}"
EndProject
Project("{FAE04EC0-301F-11D3-BF4B-00C04F79EFBC}") = "Registration.DataAccsess", "Registration.DataAccsess\Registration.DataAccsess.csproj", "{CDBA34B8-0F3F-4032-9C7C-5A1B9E4977A8}"
EndProject
Global
	GlobalSection(SolutionConfigurationPlatforms) = preSolution
		Debug|Any CPU = Debug|Any CPU
		Release|Any CPU = Release|Any CPU
	EndGlobalSection
	GlobalSection(ProjectConfigurationPlatforms) = postSolution
		{9F8B5E95-583E-418A-9255-8B9E87C46514}.Debug|Any CPU.ActiveCfg = Debug|Any CPU
		{9F8B5E95-583E-418A-9255-8B9E87C46514}.Debug|Any CPU.Build.0 = Debug|Any CPU
		{9F8B5E95-583E-418A-9255-8B9E87C46514}.Release|Any CPU.ActiveCfg = Release|Any CPU
		{9F8B5E95-583E-418A-9255-8B9E87C46514}.Release|Any CPU.Build.0 = Release|Any CPU
		{CDBA34B8-0F3F-4032-9C7C-5A1B9E4977A8}.Debug|Any CPU.ActiveCfg = Debug|Any CPU
		{CDBA34B8-0F3F-4032-9C7C-5A1B9E4977A8}.Debug|Any CPU.Build.0 = Debug|Any CPU
		{CDBA34B8-0F3F-4032-9C7C-5A1B9E4977A8}.Release|Any CPU.ActiveCfg = Release|Any CPU
		{CDBA34B8-0F3F-4032-9C7C-5A1B9E4977A8}.Release|Any CPU.Build.0 = Release|Any CPU
	EndGlobalSection
	GlobalSection(SolutionProperties) = preSolution
		HideSolutionNode = FALSE
	EndGlobalSection
	GlobalSection(ExtensibilityGlobals) = postSolution
		SolutionGuid = {E39C5D1B-6DB1-4771-B16F-B9397277525A}
	EndGlobalSection
EndGlobal
